
Microsoft Visual Studio Solution File, Format Version 12.00
# Visual Studio 2013
VisualStudioVersion = 12.0.20827.3
MinimumVisualStudioVersion = 10.0.40219.1
Project("{FAE04EC0-301F-11D3-BF4B-00C04F79EFBC}") = "devrelm.Dog", "devrelm.Dog\devrelm.Dog.csproj", "{4C55BB29-A632-4452-A6C0-6AFD9DCEC3EF}"
EndProject
Global
	GlobalSection(SolutionConfigurationPlatforms) = preSolution
		Debug|Any CPU = Debug|Any CPU
		Release|Any CPU = Release|Any CPU
	EndGlobalSection
	GlobalSection(ProjectConfigurationPlatforms) = postSolution
		{4C55BB29-A632-4452-A6C0-6AFD9DCEC3EF}.Debug|Any CPU.ActiveCfg = Debug|Any CPU
		{4C55BB29-A632-4452-A6C0-6AFD9DCEC3EF}.Debug|Any CPU.Build.0 = Debug|Any CPU
		{4C55BB29-A632-4452-A6C0-6AFD9DCEC3EF}.Release|Any CPU.ActiveCfg = Release|Any CPU
		{4C55BB29-A632-4452-A6C0-6AFD9DCEC3EF}.Release|Any CPU.Build.0 = Release|Any CPU
	EndGlobalSection
	GlobalSection(SolutionProperties) = preSolution
		HideSolutionNode = FALSE
	EndGlobalSection
EndGlobal
